
Microsoft Visual Studio Solution File, Format Version 12.00
# Visual Studio Version 16
VisualStudioVersion = 16.0.32002.261
MinimumVisualStudioVersion = 10.0.40219.1
Project("{FAE04EC0-301F-11D3-BF4B-00C04F79EFBC}") = "TheCarHub", "TheCarHub\TheCarHub.csproj", "{F62E7B90-98D3-49D8-8E7A-6431F426A107}"
EndProject
Global
	GlobalSection(SolutionConfigurationPlatforms) = preSolution
		Debug|Any CPU = Debug|Any CPU
		Release|Any CPU = Release|Any CPU
	EndGlobalSection
	GlobalSection(ProjectConfigurationPlatforms) = postSolution
		{F62E7B90-98D3-49D8-8E7A-6431F426A107}.Debug|Any CPU.ActiveCfg = Debug|Any CPU
		{F62E7B90-98D3-49D8-8E7A-6431F426A107}.Debug|Any CPU.Build.0 = Debug|Any CPU
		{F62E7B90-98D3-49D8-8E7A-6431F426A107}.Release|Any CPU.ActiveCfg = Release|Any CPU
		{F62E7B90-98D3-49D8-8E7A-6431F426A107}.Release|Any CPU.Build.0 = Release|Any CPU
	EndGlobalSection
	GlobalSection(SolutionProperties) = preSolution
		HideSolutionNode = FALSE
	EndGlobalSection
	GlobalSection(ExtensibilityGlobals) = postSolution
		SolutionGuid = {F5FABCF7-A0D0-413A-A3E2-714E032626E9}
	EndGlobalSection
EndGlobal
